// !$*UTF8*$!
{
	archiveVersion = 1;
	classes = {
	};
	objectVersion = 55;
	objects = {

/* Begin PBXBuildFile section */
		2EEBBD9428BE4D3300A010CE /* AppDelegate.swift in Sources */ = {isa = PBXBuildFile; fileRef = 2EEBBD9328BE4D3300A010CE /* AppDelegate.swift */; };
		2EEBBD9628BE4D3300A010CE /* SceneDelegate.swift in Sources */ = {isa = PBXBuildFile; fileRef = 2EEBBD9528BE4D3300A010CE /* SceneDelegate.swift */; };
		2EEBBD9828BE4D3300A010CE /* ViewController.swift in Sources */ = {isa = PBXBuildFile; fileRef = 2EEBBD9728BE4D3300A010CE /* ViewController.swift */; };
		2EEBBD9B28BE4D3300A010CE /* Main.storyboard in Resources */ = {isa = PBXBuildFile; fileRef = 2EEBBD9928BE4D3300A010CE /* Main.storyboard */; };
		2EEBBD9D28BE4D3400A010CE /* Assets.xcassets in Resources */ = {isa = PBXBuildFile; fileRef = 2EEBBD9C28BE4D3400A010CE /* Assets.xcassets */; };
		2EEBBDA028BE4D3400A010CE /* LaunchScreen.storyboard in Resources */ = {isa = PBXBuildFile; fileRef = 2EEBBD9E28BE4D3400A010CE /* LaunchScreen.storyboard */; };
		2EEBBDAB28BE4D3400A010CE /* VowelTesterTests.swift in Sources */ = {isa = PBXBuildFile; fileRef = 2EEBBDAA28BE4D3400A010CE /* VowelTesterTests.swift */; };
		2EEBBDB528BE4D3400A010CE /* VowelTesterUITests.swift in Sources */ = {isa = PBXBuildFile; fileRef = 2EEBBDB428BE4D3400A010CE /* VowelTesterUITests.swift */; };
		2EEBBDB728BE4D3400A010CE /* VowelTesterUITestsLaunchTests.swift in Sources */ = {isa = PBXBuildFile; fileRef = 2EEBBDB628BE4D3400A010CE /* VowelTesterUITestsLaunchTests.swift */; };
/* End PBXBuildFile section */

/* Begin PBXContainerItemProxy section */
		2EEBBDA728BE4D3400A010CE /* PBXContainerItemProxy */ = {
			isa = PBXContainerItemProxy;
			containerPortal = 2EEBBD8828BE4D3300A010CE /* Project object */;
			proxyType = 1;
			remoteGlobalIDString = 2EEBBD8F28BE4D3300A010CE;
			remoteInfo = VowelTester;
		};
		2EEBBDB128BE4D3400A010CE /* PBXContainerItemProxy */ = {
			isa = PBXContainerItemProxy;
			containerPortal = 2EEBBD8828BE4D3300A010CE /* Project object */;
			proxyType = 1;
			remoteGlobalIDString = 2EEBBD8F28BE4D3300A010CE;
			remoteInfo = VowelTester;
		};
/* End PBXContainerItemProxy section */

/* Begin PBXFileReference section */
		2EEBBD9028BE4D3300A010CE /* VowelTester.app */ = {isa = PBXFileReference; explicitFileType = wrapper.application; includeInIndex = 0; path = VowelTester.app; sourceTree = BUILT_PRODUCTS_DIR; };
		2EEBBD9328BE4D3300A010CE /* AppDelegate.swift */ = {isa = PBXFileReference; lastKnownFileType = sourcecode.swift; path = AppDelegate.swift; sourceTree = "<group>"; };
		2EEBBD9528BE4D3300A010CE /* SceneDelegate.swift */ = {isa = PBXFileReference; lastKnownFileType = sourcecode.swift; path = SceneDelegate.swift; sourceTree = "<group>"; };
		2EEBBD9728BE4D3300A010CE /* ViewController.swift */ = {isa = PBXFileReference; lastKnownFileType = sourcecode.swift; path = ViewController.swift; sourceTree = "<group>"; };
		2EEBBD9A28BE4D3300A010CE /* Base */ = {isa = PBXFileReference; lastKnownFileType = file.storyboard; name = Base; path = Base.lproj/Main.storyboard; sourceTree = "<group>"; };
		2EEBBD9C28BE4D3400A010CE /* Assets.xcassets */ = {isa = PBXFileReference; lastKnownFileType = folder.assetcatalog; path = Assets.xcassets; sourceTree = "<group>"; };
		2EEBBD9F28BE4D3400A010CE /* Base */ = {isa = PBXFileReference; lastKnownFileType = file.storyboard; name = Base; path = Base.lproj/LaunchScreen.storyboard; sourceTree = "<group>"; };
		2EEBBDA128BE4D3400A010CE /* Info.plist */ = {isa = PBXFileReference; lastKnownFileType = text.plist.xml; path = Info.plist; sourceTree = "<group>"; };
		2EEBBDA628BE4D3400A010CE /* VowelTesterTests.xctest */ = {isa = PBXFileReference; explicitFileType = wrapper.cfbundle; includeInIndex = 0; path = VowelTesterTests.xctest; sourceTree = BUILT_PRODUCTS_DIR; };
		2EEBBDAA28BE4D3400A010CE /* VowelTesterTests.swift */ = {isa = PBXFileReference; lastKnownFileType = sourcecode.swift; path = VowelTesterTests.swift; sourceTree = "<group>"; };
		2EEBBDB028BE4D3400A010CE /* VowelTesterUITests.xctest */ = {isa = PBXFileReference; explicitFileType = wrapper.cfbundle; includeInIndex = 0; path = VowelTesterUITests.xctest; sourceTree = BUILT_PRODUCTS_DIR; };
		2EEBBDB428BE4D3400A010CE /* VowelTesterUITests.swift */ = {isa = PBXFileReference; lastKnownFileType = sourcecode.swift; path = VowelTesterUITests.swift; sourceTree = "<group>"; };
		2EEBBDB628BE4D3400A010CE /* VowelTesterUITestsLaunchTests.swift */ = {isa = PBXFileReference; lastKnownFileType = sourcecode.swift; path = VowelTesterUITestsLaunchTests.swift; sourceTree = "<group>"; };
/* End PBXFileReference section */

/* Begin PBXFrameworksBuildPhase section */
		2EEBBD8D28BE4D3300A010CE /* Frameworks */ = {
			isa = PBXFrameworksBuildPhase;
			buildActionMask = 2147483647;
			files = (
			);
			runOnlyForDeploymentPostprocessing = 0;
		};
		2EEBBDA328BE4D3400A010CE /* Frameworks */ = {
			isa = PBXFrameworksBuildPhase;
			buildActionMask = 2147483647;
			files = (
			);
			runOnlyForDeploymentPostprocessing = 0;
		};
		2EEBBDAD28BE4D3400A010CE /* Frameworks */ = {
			isa = PBXFrameworksBuildPhase;
			buildActionMask = 2147483647;
			files = (
			);
			runOnlyForDeploymentPostprocessing = 0;
		};
/* End PBXFrameworksBuildPhase section */

/* Begin PBXGroup section */
		2EEBBD8728BE4D3300A010CE = {
			isa = PBXGroup;
			children = (
				2EEBBD9228BE4D3300A010CE /* VowelTester */,
				2EEBBDA928BE4D3400A010CE /* VowelTesterTests */,
				2EEBBDB328BE4D3400A010CE /* VowelTesterUITests */,
				2EEBBD9128BE4D3300A010CE /* Products */,
			);
			sourceTree = "<group>";
		};
		2EEBBD9128BE4D3300A010CE /* Products */ = {
			isa = PBXGroup;
			children = (
				2EEBBD9028BE4D3300A010CE /* VowelTester.app */,
				2EEBBDA628BE4D3400A010CE /* VowelTesterTests.xctest */,
				2EEBBDB028BE4D3400A010CE /* VowelTesterUITests.xctest */,
			);
			name = Products;
			sourceTree = "<group>";
		};
		2EEBBD9228BE4D3300A010CE /* VowelTester */ = {
			isa = PBXGroup;
			children = (
				2EEBBD9328BE4D3300A010CE /* AppDelegate.swift */,
				2EEBBD9528BE4D3300A010CE /* SceneDelegate.swift */,
				2EEBBD9728BE4D3300A010CE /* ViewController.swift */,
				2EEBBD9928BE4D3300A010CE /* Main.storyboard */,
				2EEBBD9C28BE4D3400A010CE /* Assets.xcassets */,
				2EEBBD9E28BE4D3400A010CE /* LaunchScreen.storyboard */,
				2EEBBDA128BE4D3400A010CE /* Info.plist */,
			);
			path = VowelTester;
			sourceTree = "<group>";
		};
		2EEBBDA928BE4D3400A010CE /* VowelTesterTests */ = {
			isa = PBXGroup;
			children = (
				2EEBBDAA28BE4D3400A010CE /* VowelTesterTests.swift */,
			);
			path = VowelTesterTests;
			sourceTree = "<group>";
		};
		2EEBBDB328BE4D3400A010CE /* VowelTesterUITests */ = {
			isa = PBXGroup;
			children = (
				2EEBBDB428BE4D3400A010CE /* VowelTesterUITests.swift */,
				2EEBBDB628BE4D3400A010CE /* VowelTesterUITestsLaunchTests.swift */,
			);
			path = VowelTesterUITests;
			sourceTree = "<group>";
		};
/* End PBXGroup section */

/* Begin PBXNativeTarget section */
		2EEBBD8F28BE4D3300A010CE /* VowelTester */ = {
			isa = PBXNativeTarget;
			buildConfigurationList = 2EEBBDBA28BE4D3400A010CE /* Build configuration list for PBXNativeTarget "VowelTester" */;
			buildPhases = (
				2EEBBD8C28BE4D3300A010CE /* Sources */,
				2EEBBD8D28BE4D3300A010CE /* Frameworks */,
				2EEBBD8E28BE4D3300A010CE /* Resources */,
			);
			buildRules = (
			);
			dependencies = (
			);
			name = VowelTester;
			productName = VowelTester;
			productReference = 2EEBBD9028BE4D3300A010CE /* VowelTester.app */;
			productType = "com.apple.product-type.application";
		};
		2EEBBDA528BE4D3400A010CE /* VowelTesterTests */ = {
			isa = PBXNativeTarget;
			buildConfigurationList = 2EEBBDBD28BE4D3400A010CE /* Build configuration list for PBXNativeTarget "VowelTesterTests" */;
			buildPhases = (
				2EEBBDA228BE4D3400A010CE /* Sources */,
				2EEBBDA328BE4D3400A010CE /* Frameworks */,
				2EEBBDA428BE4D3400A010CE /* Resources */,
			);
			buildRules = (
			);
			dependencies = (
				2EEBBDA828BE4D3400A010CE /* PBXTargetDependency */,
			);
			name = VowelTesterTests;
			productName = VowelTesterTests;
			productReference = 2EEBBDA628BE4D3400A010CE /* VowelTesterTests.xctest */;
			productType = "com.apple.product-type.bundle.unit-test";
		};
		2EEBBDAF28BE4D3400A010CE /* VowelTesterUITests */ = {
			isa = PBXNativeTarget;
			buildConfigurationList = 2EEBBDC028BE4D3400A010CE /* Build configuration list for PBXNativeTarget "VowelTesterUITests" */;
			buildPhases = (
				2EEBBDAC28BE4D3400A010CE /* Sources */,
				2EEBBDAD28BE4D3400A010CE /* Frameworks */,
				2EEBBDAE28BE4D3400A010CE /* Resources */,
			);
			buildRules = (
			);
			dependencies = (
				2EEBBDB228BE4D3400A010CE /* PBXTargetDependency */,
			);
			name = VowelTesterUITests;
			productName = VowelTesterUITests;
			productReference = 2EEBBDB028BE4D3400A010CE /* VowelTesterUITests.xctest */;
			productType = "com.apple.product-type.bundle.ui-testing";
		};
/* End PBXNativeTarget section */

/* Begin PBXProject section */
		2EEBBD8828BE4D3300A010CE /* Project object */ = {
			isa = PBXProject;
			attributes = {
				BuildIndependentTargetsInParallel = 1;
				LastSwiftUpdateCheck = 1340;
				LastUpgradeCheck = 1340;
				TargetAttributes = {
					2EEBBD8F28BE4D3300A010CE = {
						CreatedOnToolsVersion = 13.4.1;
					};
					2EEBBDA528BE4D3400A010CE = {
						CreatedOnToolsVersion = 13.4.1;
						TestTargetID = 2EEBBD8F28BE4D3300A010CE;
					};
					2EEBBDAF28BE4D3400A010CE = {
						CreatedOnToolsVersion = 13.4.1;
						TestTargetID = 2EEBBD8F28BE4D3300A010CE;
					};
				};
			};
			buildConfigurationList = 2EEBBD8B28BE4D3300A010CE /* Build configuration list for PBXProject "VowelTester" */;
			compatibilityVersion = "Xcode 13.0";
			developmentRegion = en;
			hasScannedForEncodings = 0;
			knownRegions = (
				en,
				Base,
			);
			mainGroup = 2EEBBD8728BE4D3300A010CE;
			productRefGroup = 2EEBBD9128BE4D3300A010CE /* Products */;
			projectDirPath = "";
			projectRoot = "";
			targets = (
				2EEBBD8F28BE4D3300A010CE /* VowelTester */,
				2EEBBDA528BE4D3400A010CE /* VowelTesterTests */,
				2EEBBDAF28BE4D3400A010CE /* VowelTesterUITests */,
			);
		};
/* End PBXProject section */

/* Begin PBXResourcesBuildPhase section */
		2EEBBD8E28BE4D3300A010CE /* Resources */ = {
			isa = PBXResourcesBuildPhase;
			buildActionMask = 2147483647;
			files = (
				2EEBBDA028BE4D3400A010CE /* LaunchScreen.storyboard in Resources */,
				2EEBBD9D28BE4D3400A010CE /* Assets.xcassets in Resources */,
				2EEBBD9B28BE4D3300A010CE /* Main.storyboard in Resources */,
			);
			runOnlyForDeploymentPostprocessing = 0;
		};
		2EEBBDA428BE4D3400A010CE /* Resources */ = {
			isa = PBXResourcesBuildPhase;
			buildActionMask = 2147483647;
			files = (
			);
			runOnlyForDeploymentPostprocessing = 0;
		};
		2EEBBDAE28BE4D3400A010CE /* Resources */ = {
			isa = PBXResourcesBuildPhase;
			buildActionMask = 2147483647;
			files = (
			);
			runOnlyForDeploymentPostprocessing = 0;
		};
/* End PBXResourcesBuildPhase section */

/* Begin PBXSourcesBuildPhase section */
		2EEBBD8C28BE4D3300A010CE /* Sources */ = {
			isa = PBXSourcesBuildPhase;
			buildActionMask = 2147483647;
			files = (
				2EEBBD9828BE4D3300A010CE /* ViewController.swift in Sources */,
				2EEBBD9428BE4D3300A010CE /* AppDelegate.swift in Sources */,
				2EEBBD9628BE4D3300A010CE /* SceneDelegate.swift in Sources */,
			);
			runOnlyForDeploymentPostprocessing = 0;
		};
		2EEBBDA228BE4D3400A010CE /* Sources */ = {
			isa = PBXSourcesBuildPhase;
			buildActionMask = 2147483647;
			files = (
				2EEBBDAB28BE4D3400A010CE /* VowelTesterTests.swift in Sources */,
			);
			runOnlyForDeploymentPostprocessing = 0;
		};
		2EEBBDAC28BE4D3400A010CE /* Sources */ = {
			isa = PBXSourcesBuildPhase;
			buildActionMask = 2147483647;
			files = (
				2EEBBDB528BE4D3400A010CE /* VowelTesterUITests.swift in Sources */,
				2EEBBDB728BE4D3400A010CE /* VowelTesterUITestsLaunchTests.swift in Sources */,
			);
			runOnlyForDeploymentPostprocessing = 0;
		};
/* End PBXSourcesBuildPhase section */

/* Begin PBXTargetDependency section */
		2EEBBDA828BE4D3400A010CE /* PBXTargetDependency */ = {
			isa = PBXTargetDependency;
			target = 2EEBBD8F28BE4D3300A010CE /* VowelTester */;
			targetProxy = 2EEBBDA728BE4D3400A010CE /* PBXContainerItemProxy */;
		};
		2EEBBDB228BE4D3400A010CE /* PBXTargetDependency */ = {
			isa = PBXTargetDependency;
			target = 2EEBBD8F28BE4D3300A010CE /* VowelTester */;
			targetProxy = 2EEBBDB128BE4D3400A010CE /* PBXContainerItemProxy */;
		};
/* End PBXTargetDependency section */

/* Begin PBXVariantGroup section */
		2EEBBD9928BE4D3300A010CE /* Main.storyboard */ = {
			isa = PBXVariantGroup;
			children = (
				2EEBBD9A28BE4D3300A010CE /* Base */,
			);
			name = Main.storyboard;
			sourceTree = "<group>";
		};
		2EEBBD9E28BE4D3400A010CE /* LaunchScreen.storyboard */ = {
			isa = PBXVariantGroup;
			children = (
				2EEBBD9F28BE4D3400A010CE /* Base */,
			);
			name = LaunchScreen.storyboard;
			sourceTree = "<group>";
		};
/* End PBXVariantGroup section */

/* Begin XCBuildConfiguration section */
		2EEBBDB828BE4D3400A010CE /* Debug */ = {
			isa = XCBuildConfiguration;
			buildSettings = {
				ALWAYS_SEARCH_USER_PATHS = NO;
				CLANG_ANALYZER_NONNULL = YES;
				CLANG_ANALYZER_NUMBER_OBJECT_CONVERSION = YES_AGGRESSIVE;
				CLANG_CXX_LANGUAGE_STANDARD = "gnu++17";
				CLANG_ENABLE_MODULES = YES;
				CLANG_ENABLE_OBJC_ARC = YES;
				CLANG_ENABLE_OBJC_WEAK = YES;
				CLANG_WARN_BLOCK_CAPTURE_AUTORELEASING = YES;
				CLANG_WARN_BOOL_CONVERSION = YES;
				CLANG_WARN_COMMA = YES;
				CLANG_WARN_CONSTANT_CONVERSION = YES;
				CLANG_WARN_DEPRECATED_OBJC_IMPLEMENTATIONS = YES;
				CLANG_WARN_DIRECT_OBJC_ISA_USAGE = YES_ERROR;
				CLANG_WARN_DOCUMENTATION_COMMENTS = YES;
				CLANG_WARN_EMPTY_BODY = YES;
				CLANG_WARN_ENUM_CONVERSION = YES;
				CLANG_WARN_INFINITE_RECURSION = YES;
				CLANG_WARN_INT_CONVERSION = YES;
				CLANG_WARN_NON_LITERAL_NULL_CONVERSION = YES;
				CLANG_WARN_OBJC_IMPLICIT_RETAIN_SELF = YES;
				CLANG_WARN_OBJC_LITERAL_CONVERSION = YES;
				CLANG_WARN_OBJC_ROOT_CLASS = YES_ERROR;
				CLANG_WARN_QUOTED_INCLUDE_IN_FRAMEWORK_HEADER = YES;
				CLANG_WARN_RANGE_LOOP_ANALYSIS = YES;
				CLANG_WARN_STRICT_PROTOTYPES = YES;
				CLANG_WARN_SUSPICIOUS_MOVE = YES;
				CLANG_WARN_UNGUARDED_AVAILABILITY = YES_AGGRESSIVE;
				CLANG_WARN_UNREACHABLE_CODE = YES;
				CLANG_WARN__DUPLICATE_METHOD_MATCH = YES;
				COPY_PHASE_STRIP = NO;
				DEBUG_INFORMATION_FORMAT = dwarf;
				ENABLE_STRICT_OBJC_MSGSEND = YES;
				ENABLE_TESTABILITY = YES;
				GCC_C_LANGUAGE_STANDARD = gnu11;
				GCC_DYNAMIC_NO_PIC = NO;
				GCC_NO_COMMON_BLOCKS = YES;
				GCC_OPTIMIZATION_LEVEL = 0;
				GCC_PREPROCESSOR_DEFINITIONS = (
					"DEBUG=1",
					"$(inherited)",
				);
				GCC_WARN_64_TO_32_BIT_CONVERSION = YES;
				GCC_WARN_ABOUT_RETURN_TYPE = YES_ERROR;
				GCC_WARN_UNDECLARED_SELECTOR = YES;
				GCC_WARN_UNINITIALIZED_AUTOS = YES_AGGRESSIVE;
				GCC_WARN_UNUSED_FUNCTION = YES;
				GCC_WARN_UNUSED_VARIABLE = YES;
				IPHONEOS_DEPLOYMENT_TARGET = 15.5;
				MTL_ENABLE_DEBUG_INFO = INCLUDE_SOURCE;
				MTL_FAST_MATH = YES;
				ONLY_ACTIVE_ARCH = YES;
				SDKROOT = iphoneos;
				SWIFT_ACTIVE_COMPILATION_CONDITIONS = DEBUG;
				SWIFT_OPTIMIZATION_LEVEL = "-Onone";
			};
			name = Debug;
		};
		2EEBBDB928BE4D3400A010CE /* Release */ = {
			isa = XCBuildConfiguration;
			buildSettings = {
				ALWAYS_SEARCH_USER_PATHS = NO;
				CLANG_ANALYZER_NONNULL = YES;
				CLANG_ANALYZER_NUMBER_OBJECT_CONVERSION = YES_AGGRESSIVE;
				CLANG_CXX_LANGUAGE_STANDARD = "gnu++17";
				CLANG_ENABLE_MODULES = YES;
				CLANG_ENABLE_OBJC_ARC = YES;
				CLANG_ENABLE_OBJC_WEAK = YES;
				CLANG_WARN_BLOCK_CAPTURE_AUTORELEASING = YES;
				CLANG_WARN_BOOL_CONVERSION = YES;
				CLANG_WARN_COMMA = YES;
				CLANG_WARN_CONSTANT_CONVERSION = YES;
				CLANG_WARN_DEPRECATED_OBJC_IMPLEMENTATIONS = YES;
				CLANG_WARN_DIRECT_OBJC_ISA_USAGE = YES_ERROR;
				CLANG_WARN_DOCUMENTATION_COMMENTS = YES;
				CLANG_WARN_EMPTY_BODY = YES;
				CLANG_WARN_ENUM_CONVERSION = YES;
				CLANG_WARN_INFINITE_RECURSION = YES;
				CLANG_WARN_INT_CONVERSION = YES;
				CLANG_WARN_NON_LITERAL_NULL_CONVERSION = YES;
				CLANG_WARN_OBJC_IMPLICIT_RETAIN_SELF = YES;
				CLANG_WARN_OBJC_LITERAL_CONVERSION = YES;
				CLANG_WARN_OBJC_ROOT_CLASS = YES_ERROR;
				CLANG_WARN_QUOTED_INCLUDE_IN_FRAMEWORK_HEADER = YES;
				CLANG_WARN_RANGE_LOOP_ANALYSIS = YES;
				CLANG_WARN_STRICT_PROTOTYPES = YES;
				CLANG_WARN_SUSPICIOUS_MOVE = YES;
				CLANG_WARN_UNGUARDED_AVAILABILITY = YES_AGGRESSIVE;
				CLANG_WARN_UNREACHABLE_CODE = YES;
				CLANG_WARN__DUPLICATE_METHOD_MATCH = YES;
				COPY_PHASE_STRIP = NO;
				DEBUG_INFORMATION_FORMAT = "dwarf-with-dsym";
				ENABLE_NS_ASSERTIONS = NO;
				ENABLE_STRICT_OBJC_MSGSEND = YES;
				GCC_C_LANGUAGE_STANDARD = gnu11;
				GCC_NO_COMMON_BLOCKS = YES;
				GCC_WARN_64_TO_32_BIT_CONVERSION = YES;
				GCC_WARN_ABOUT_RETURN_TYPE = YES_ERROR;
				GCC_WARN_UNDECLARED_SELECTOR = YES;
				GCC_WARN_UNINITIALIZED_AUTOS = YES_AGGRESSIVE;
				GCC_WARN_UNUSED_FUNCTION = YES;
				GCC_WARN_UNUSED_VARIABLE = YES;
				IPHONEOS_DEPLOYMENT_TARGET = 15.5;
				MTL_ENABLE_DEBUG_INFO = NO;
				MTL_FAST_MATH = YES;
				SDKROOT = iphoneos;
				SWIFT_COMPILATION_MODE = wholemodule;
				SWIFT_OPTIMIZATION_LEVEL = "-O";
				VALIDATE_PRODUCT = YES;
			};
			name = Release;
		};
		2EEBBDBB28BE4D3400A010CE /* Debug */ = {
			isa = XCBuildConfiguration;
			buildSettings = {
				ASSETCATALOG_COMPILER_APPICON_NAME = AppIcon;
				ASSETCATALOG_COMPILER_GLOBAL_ACCENT_COLOR_NAME = AccentColor;
				CODE_SIGN_STYLE = Automatic;
				CURRENT_PROJECT_VERSION = 1;
				GENERATE_INFOPLIST_FILE = YES;
				INFOPLIST_FILE = VowelTester/Info.plist;
				INFOPLIST_KEY_CFBundleDisplayName = VowelTester;
				INFOPLIST_KEY_UIApplicationSupportsIndirectInputEvents = YES;
				INFOPLIST_KEY_UILaunchStoryboardName = LaunchScreen;
				INFOPLIST_KEY_UIMainStoryboardFile = Main;
				INFOPLIST_KEY_UISupportedInterfaceOrientations_iPad = "UIInterfaceOrientationPortrait UIInterfaceOrientationPortraitUpsideDown UIInterfaceOrientationLandscapeLeft UIInterfaceOrientationLandscapeRight";
				INFOPLIST_KEY_UISupportedInterfaceOrientations_iPhone = "UIInterfaceOrientationPortrait UIInterfaceOrientationLandscapeLeft UIInterfaceOrientationLandscapeRight";
				LD_RUNPATH_SEARCH_PATHS = (
					"$(inherited)",
					"@executable_path/Frameworks",
				);
				MARKETING_VERSION = 1.0;
				PRODUCT_BUNDLE_IDENTIFIER = nwmissouri.edu.VowelTester;
				PRODUCT_NAME = "$(TARGET_NAME)";
				SWIFT_EMIT_LOC_STRINGS = YES;
				SWIFT_VERSION = 5.0;
				TARGETED_DEVICE_FAMILY = "1,2";
			};
			name = Debug;
		};
		2EEBBDBC28BE4D3400A010CE /* Release */ = {
			isa = XCBuildConfiguration;
			buildSettings = {
				ASSETCATALOG_COMPILER_APPICON_NAME = AppIcon;
				ASSETCATALOG_COMPILER_GLOBAL_ACCENT_COLOR_NAME = AccentColor;
				CODE_SIGN_STYLE = Automatic;
				CURRENT_PROJECT_VERSION = 1;
				GENERATE_INFOPLIST_FILE = YES;
				INFOPLIST_FILE = VowelTester/Info.plist;
				INFOPLIST_KEY_CFBundleDisplayName = VowelTester;
				INFOPLIST_KEY_UIApplicationSupportsIndirectInputEvents = YES;
				INFOPLIST_KEY_UILaunchStoryboardName = LaunchScreen;
				INFOPLIST_KEY_UIMainStoryboardFile = Main;
				INFOPLIST_KEY_UISupportedInterfaceOrientations_iPad = "UIInterfaceOrientationPortrait UIInterfaceOrientationPortraitUpsideDown UIInterfaceOrientationLandscapeLeft UIInterfaceOrientationLandscapeRight";
				INFOPLIST_KEY_UISupportedInterfaceOrientations_iPhone = "UIInterfaceOrientationPortrait UIInterfaceOrientationLandscapeLeft UIInterfaceOrientationLandscapeRight";
				LD_RUNPATH_SEARCH_PATHS = (
					"$(inherited)",
					"@executable_path/Frameworks",
				);
				MARKETING_VERSION = 1.0;
				PRODUCT_BUNDLE_IDENTIFIER = nwmissouri.edu.VowelTester;
				PRODUCT_NAME = "$(TARGET_NAME)";
				SWIFT_EMIT_LOC_STRINGS = YES;
				SWIFT_VERSION = 5.0;
				TARGETED_DEVICE_FAMILY = "1,2";
			};
			name = Release;
		};
		2EEBBDBE28BE4D3400A010CE /* Debug */ = {
			isa = XCBuildConfiguration;
			buildSettings = {
				ALWAYS_EMBED_SWIFT_STANDARD_LIBRARIES = YES;
				BUNDLE_LOADER = "$(TEST_HOST)";
				CODE_SIGN_STYLE = Automatic;
				CURRENT_PROJECT_VERSION = 1;
				GENERATE_INFOPLIST_FILE = YES;
				IPHONEOS_DEPLOYMENT_TARGET = 15.5;
				MARKETING_VERSION = 1.0;
				PRODUCT_BUNDLE_IDENTIFIER = nwmissouri.edu.VowelTesterTests;
				PRODUCT_NAME = "$(TARGET_NAME)";
				SWIFT_EMIT_LOC_STRINGS = NO;
				SWIFT_VERSION = 5.0;
				TARGETED_DEVICE_FAMILY = "1,2";
				TEST_HOST = "$(BUILT_PRODUCTS_DIR)/VowelTester.app/VowelTester";
			};
			name = Debug;
		};
		2EEBBDBF28BE4D3400A010CE /* Release */ = {
			isa = XCBuildConfiguration;
			buildSettings = {
				ALWAYS_EMBED_SWIFT_STANDARD_LIBRARIES = YES;
				BUNDLE_LOADER = "$(TEST_HOST)";
				CODE_SIGN_STYLE = Automatic;
				CURRENT_PROJECT_VERSION = 1;
				GENERATE_INFOPLIST_FILE = YES;
				IPHONEOS_DEPLOYMENT_TARGET = 15.5;
				MARKETING_VERSION = 1.0;
				PRODUCT_BUNDLE_IDENTIFIER = nwmissouri.edu.VowelTesterTests;
				PRODUCT_NAME = "$(TARGET_NAME)";
				SWIFT_EMIT_LOC_STRINGS = NO;
				SWIFT_VERSION = 5.0;
				TARGETED_DEVICE_FAMILY = "1,2";
				TEST_HOST = "$(BUILT_PRODUCTS_DIR)/VowelTester.app/VowelTester";
			};
			name = Release;
		};
		2EEBBDC128BE4D3400A010CE /* Debug */ = {
			isa = XCBuildConfiguration;
			buildSettings = {
				ALWAYS_EMBED_SWIFT_STANDARD_LIBRARIES = YES;
				CODE_SIGN_STYLE = Automatic;
				CURRENT_PROJECT_VERSION = 1;
				GENERATE_INFOPLIST_FILE = YES;
				MARKETING_VERSION = 1.0;
				PRODUCT_BUNDLE_IDENTIFIER = nwmissouri.edu.VowelTesterUITests;
				PRODUCT_NAME = "$(TARGET_NAME)";
				SWIFT_EMIT_LOC_STRINGS = NO;
				SWIFT_VERSION = 5.0;
				TARGETED_DEVICE_FAMILY = "1,2";
				TEST_TARGET_NAME = VowelTester;
			};
			name = Debug;
		};
		2EEBBDC228BE4D3400A010CE /* Release */ = {
			isa = XCBuildConfiguration;
			buildSettings = {
				ALWAYS_EMBED_SWIFT_STANDARD_LIBRARIES = YES;
				CODE_SIGN_STYLE = Automatic;
				CURRENT_PROJECT_VERSION = 1;
				GENERATE_INFOPLIST_FILE = YES;
				MARKETING_VERSION = 1.0;
				PRODUCT_BUNDLE_IDENTIFIER = nwmissouri.edu.VowelTesterUITests;
				PRODUCT_NAME = "$(TARGET_NAME)";
				SWIFT_EMIT_LOC_STRINGS = NO;
				SWIFT_VERSION = 5.0;
				TARGETED_DEVICE_FAMILY = "1,2";
				TEST_TARGET_NAME = VowelTester;
			};
			name = Release;
		};
/* End XCBuildConfiguration section */

/* Begin XCConfigurationList section */
		2EEBBD8B28BE4D3300A010CE /* Build configuration list for PBXProject "VowelTester" */ = {
			isa = XCConfigurationList;
			buildConfigurations = (
				2EEBBDB828BE4D3400A010CE /* Debug */,
				2EEBBDB928BE4D3400A010CE /* Release */,
			);
			defaultConfigurationIsVisible = 0;
			defaultConfigurationName = Release;
		};
		2EEBBDBA28BE4D3400A010CE /* Build configuration list for PBXNativeTarget "VowelTester" */ = {
			isa = XCConfigurationList;
			buildConfigurations = (
				2EEBBDBB28BE4D3400A010CE /* Debug */,
				2EEBBDBC28BE4D3400A010CE /* Release */,
			);
			defaultConfigurationIsVisible = 0;
			defaultConfigurationName = Release;
		};
		2EEBBDBD28BE4D3400A010CE /* Build configuration list for PBXNativeTarget "VowelTesterTests" */ = {
			isa = XCConfigurationList;
			buildConfigurations = (
				2EEBBDBE28BE4D3400A010CE /* Debug */,
				2EEBBDBF28BE4D3400A010CE /* Release */,
			);
			defaultConfigurationIsVisible = 0;
			defaultConfigurationName = Release;
		};
		2EEBBDC028BE4D3400A010CE /* Build configuration list for PBXNativeTarget "VowelTesterUITests" */ = {
			isa = XCConfigurationList;
			buildConfigurations = (
				2EEBBDC128BE4D3400A010CE /* Debug */,
				2EEBBDC228BE4D3400A010CE /* Release */,
			);
			defaultConfigurationIsVisible = 0;
			defaultConfigurationName = Release;
		};
/* End XCConfigurationList section */
	};
	rootObject = 2EEBBD8828BE4D3300A010CE /* Project object */;
}
