// !$*UTF8*$!
{
	archiveVersion = 1;
	classes = {
	};
	objectVersion = 55;
	objects = {

/* Begin PBXBuildFile section */
		2E930B2728C0E632000803B3 /* AppDelegate.swift in Sources */ = {isa = PBXBuildFile; fileRef = 2E930B2628C0E632000803B3 /* AppDelegate.swift */; };
		2E930B2928C0E632000803B3 /* SceneDelegate.swift in Sources */ = {isa = PBXBuildFile; fileRef = 2E930B2828C0E632000803B3 /* SceneDelegate.swift */; };
		2E930B2B28C0E632000803B3 /* ViewController.swift in Sources */ = {isa = PBXBuildFile; fileRef = 2E930B2A28C0E632000803B3 /* ViewController.swift */; };
		2E930B2E28C0E632000803B3 /* Main.storyboard in Resources */ = {isa = PBXBuildFile; fileRef = 2E930B2C28C0E632000803B3 /* Main.storyboard */; };
		2E930B3028C0E635000803B3 /* Assets.xcassets in Resources */ = {isa = PBXBuildFile; fileRef = 2E930B2F28C0E635000803B3 /* Assets.xcassets */; };
		2E930B3328C0E635000803B3 /* LaunchScreen.storyboard in Resources */ = {isa = PBXBuildFile; fileRef = 2E930B3128C0E635000803B3 /* LaunchScreen.storyboard */; };
		2E930B3E28C0E635000803B3 /* SimpleCalculatorTests.swift in Sources */ = {isa = PBXBuildFile; fileRef = 2E930B3D28C0E635000803B3 /* SimpleCalculatorTests.swift */; };
		2E930B4828C0E635000803B3 /* SimpleCalculatorUITests.swift in Sources */ = {isa = PBXBuildFile; fileRef = 2E930B4728C0E635000803B3 /* SimpleCalculatorUITests.swift */; };
		2E930B4A28C0E635000803B3 /* SimpleCalculatorUITestsLaunchTests.swift in Sources */ = {isa = PBXBuildFile; fileRef = 2E930B4928C0E635000803B3 /* SimpleCalculatorUITestsLaunchTests.swift */; };
/* End PBXBuildFile section */

/* Begin PBXContainerItemProxy section */
		2E930B3A28C0E635000803B3 /* PBXContainerItemProxy */ = {
			isa = PBXContainerItemProxy;
			containerPortal = 2E930B1B28C0E632000803B3 /* Project object */;
			proxyType = 1;
			remoteGlobalIDString = 2E930B2228C0E632000803B3;
			remoteInfo = SimpleCalculator;
		};
		2E930B4428C0E635000803B3 /* PBXContainerItemProxy */ = {
			isa = PBXContainerItemProxy;
			containerPortal = 2E930B1B28C0E632000803B3 /* Project object */;
			proxyType = 1;
			remoteGlobalIDString = 2E930B2228C0E632000803B3;
			remoteInfo = SimpleCalculator;
		};
/* End PBXContainerItemProxy section */

/* Begin PBXFileReference section */
		2E930B2328C0E632000803B3 /* SimpleCalculator.app */ = {isa = PBXFileReference; explicitFileType = wrapper.application; includeInIndex = 0; path = SimpleCalculator.app; sourceTree = BUILT_PRODUCTS_DIR; };
		2E930B2628C0E632000803B3 /* AppDelegate.swift */ = {isa = PBXFileReference; lastKnownFileType = sourcecode.swift; path = AppDelegate.swift; sourceTree = "<group>"; };
		2E930B2828C0E632000803B3 /* SceneDelegate.swift */ = {isa = PBXFileReference; lastKnownFileType = sourcecode.swift; path = SceneDelegate.swift; sourceTree = "<group>"; };
		2E930B2A28C0E632000803B3 /* ViewController.swift */ = {isa = PBXFileReference; lastKnownFileType = sourcecode.swift; path = ViewController.swift; sourceTree = "<group>"; };
		2E930B2D28C0E632000803B3 /* Base */ = {isa = PBXFileReference; lastKnownFileType = file.storyboard; name = Base; path = Base.lproj/Main.storyboard; sourceTree = "<group>"; };
		2E930B2F28C0E635000803B3 /* Assets.xcassets */ = {isa = PBXFileReference; lastKnownFileType = folder.assetcatalog; path = Assets.xcassets; sourceTree = "<group>"; };
		2E930B3228C0E635000803B3 /* Base */ = {isa = PBXFileReference; lastKnownFileType = file.storyboard; name = Base; path = Base.lproj/LaunchScreen.storyboard; sourceTree = "<group>"; };
		2E930B3428C0E635000803B3 /* Info.plist */ = {isa = PBXFileReference; lastKnownFileType = text.plist.xml; path = Info.plist; sourceTree = "<group>"; };
		2E930B3928C0E635000803B3 /* SimpleCalculatorTests.xctest */ = {isa = PBXFileReference; explicitFileType = wrapper.cfbundle; includeInIndex = 0; path = SimpleCalculatorTests.xctest; sourceTree = BUILT_PRODUCTS_DIR; };
		2E930B3D28C0E635000803B3 /* SimpleCalculatorTests.swift */ = {isa = PBXFileReference; lastKnownFileType = sourcecode.swift; path = SimpleCalculatorTests.swift; sourceTree = "<group>"; };
		2E930B4328C0E635000803B3 /* SimpleCalculatorUITests.xctest */ = {isa = PBXFileReference; explicitFileType = wrapper.cfbundle; includeInIndex = 0; path = SimpleCalculatorUITests.xctest; sourceTree = BUILT_PRODUCTS_DIR; };
		2E930B4728C0E635000803B3 /* SimpleCalculatorUITests.swift */ = {isa = PBXFileReference; lastKnownFileType = sourcecode.swift; path = SimpleCalculatorUITests.swift; sourceTree = "<group>"; };
		2E930B4928C0E635000803B3 /* SimpleCalculatorUITestsLaunchTests.swift */ = {isa = PBXFileReference; lastKnownFileType = sourcecode.swift; path = SimpleCalculatorUITestsLaunchTests.swift; sourceTree = "<group>"; };
/* End PBXFileReference section */

/* Begin PBXFrameworksBuildPhase section */
		2E930B2028C0E632000803B3 /* Frameworks */ = {
			isa = PBXFrameworksBuildPhase;
			buildActionMask = 2147483647;
			files = (
			);
			runOnlyForDeploymentPostprocessing = 0;
		};
		2E930B3628C0E635000803B3 /* Frameworks */ = {
			isa = PBXFrameworksBuildPhase;
			buildActionMask = 2147483647;
			files = (
			);
			runOnlyForDeploymentPostprocessing = 0;
		};
		2E930B4028C0E635000803B3 /* Frameworks */ = {
			isa = PBXFrameworksBuildPhase;
			buildActionMask = 2147483647;
			files = (
			);
			runOnlyForDeploymentPostprocessing = 0;
		};
/* End PBXFrameworksBuildPhase section */

/* Begin PBXGroup section */
		2E930B1A28C0E632000803B3 = {
			isa = PBXGroup;
			children = (
				2E930B2528C0E632000803B3 /* SimpleCalculator */,
				2E930B3C28C0E635000803B3 /* SimpleCalculatorTests */,
				2E930B4628C0E635000803B3 /* SimpleCalculatorUITests */,
				2E930B2428C0E632000803B3 /* Products */,
			);
			sourceTree = "<group>";
		};
		2E930B2428C0E632000803B3 /* Products */ = {
			isa = PBXGroup;
			children = (
				2E930B2328C0E632000803B3 /* SimpleCalculator.app */,
				2E930B3928C0E635000803B3 /* SimpleCalculatorTests.xctest */,
				2E930B4328C0E635000803B3 /* SimpleCalculatorUITests.xctest */,
			);
			name = Products;
			sourceTree = "<group>";
		};
		2E930B2528C0E632000803B3 /* SimpleCalculator */ = {
			isa = PBXGroup;
			children = (
				2E930B2628C0E632000803B3 /* AppDelegate.swift */,
				2E930B2828C0E632000803B3 /* SceneDelegate.swift */,
				2E930B2A28C0E632000803B3 /* ViewController.swift */,
				2E930B2C28C0E632000803B3 /* Main.storyboard */,
				2E930B2F28C0E635000803B3 /* Assets.xcassets */,
				2E930B3128C0E635000803B3 /* LaunchScreen.storyboard */,
				2E930B3428C0E635000803B3 /* Info.plist */,
			);
			path = SimpleCalculator;
			sourceTree = "<group>";
		};
		2E930B3C28C0E635000803B3 /* SimpleCalculatorTests */ = {
			isa = PBXGroup;
			children = (
				2E930B3D28C0E635000803B3 /* SimpleCalculatorTests.swift */,
			);
			path = SimpleCalculatorTests;
			sourceTree = "<group>";
		};
		2E930B4628C0E635000803B3 /* SimpleCalculatorUITests */ = {
			isa = PBXGroup;
			children = (
				2E930B4728C0E635000803B3 /* SimpleCalculatorUITests.swift */,
				2E930B4928C0E635000803B3 /* SimpleCalculatorUITestsLaunchTests.swift */,
			);
			path = SimpleCalculatorUITests;
			sourceTree = "<group>";
		};
/* End PBXGroup section */

/* Begin PBXNativeTarget section */
		2E930B2228C0E632000803B3 /* SimpleCalculator */ = {
			isa = PBXNativeTarget;
			buildConfigurationList = 2E930B4D28C0E635000803B3 /* Build configuration list for PBXNativeTarget "SimpleCalculator" */;
			buildPhases = (
				2E930B1F28C0E632000803B3 /* Sources */,
				2E930B2028C0E632000803B3 /* Frameworks */,
				2E930B2128C0E632000803B3 /* Resources */,
			);
			buildRules = (
			);
			dependencies = (
			);
			name = SimpleCalculator;
			productName = SimpleCalculator;
			productReference = 2E930B2328C0E632000803B3 /* SimpleCalculator.app */;
			productType = "com.apple.product-type.application";
		};
		2E930B3828C0E635000803B3 /* SimpleCalculatorTests */ = {
			isa = PBXNativeTarget;
			buildConfigurationList = 2E930B5028C0E635000803B3 /* Build configuration list for PBXNativeTarget "SimpleCalculatorTests" */;
			buildPhases = (
				2E930B3528C0E635000803B3 /* Sources */,
				2E930B3628C0E635000803B3 /* Frameworks */,
				2E930B3728C0E635000803B3 /* Resources */,
			);
			buildRules = (
			);
			dependencies = (
				2E930B3B28C0E635000803B3 /* PBXTargetDependency */,
			);
			name = SimpleCalculatorTests;
			productName = SimpleCalculatorTests;
			productReference = 2E930B3928C0E635000803B3 /* SimpleCalculatorTests.xctest */;
			productType = "com.apple.product-type.bundle.unit-test";
		};
		2E930B4228C0E635000803B3 /* SimpleCalculatorUITests */ = {
			isa = PBXNativeTarget;
			buildConfigurationList = 2E930B5328C0E635000803B3 /* Build configuration list for PBXNativeTarget "SimpleCalculatorUITests" */;
			buildPhases = (
				2E930B3F28C0E635000803B3 /* Sources */,
				2E930B4028C0E635000803B3 /* Frameworks */,
				2E930B4128C0E635000803B3 /* Resources */,
			);
			buildRules = (
			);
			dependencies = (
				2E930B4528C0E635000803B3 /* PBXTargetDependency */,
			);
			name = SimpleCalculatorUITests;
			productName = SimpleCalculatorUITests;
			productReference = 2E930B4328C0E635000803B3 /* SimpleCalculatorUITests.xctest */;
			productType = "com.apple.product-type.bundle.ui-testing";
		};
/* End PBXNativeTarget section */

/* Begin PBXProject section */
		2E930B1B28C0E632000803B3 /* Project object */ = {
			isa = PBXProject;
			attributes = {
				BuildIndependentTargetsInParallel = 1;
				LastSwiftUpdateCheck = 1340;
				LastUpgradeCheck = 1340;
				TargetAttributes = {
					2E930B2228C0E632000803B3 = {
						CreatedOnToolsVersion = 13.4.1;
					};
					2E930B3828C0E635000803B3 = {
						CreatedOnToolsVersion = 13.4.1;
						TestTargetID = 2E930B2228C0E632000803B3;
					};
					2E930B4228C0E635000803B3 = {
						CreatedOnToolsVersion = 13.4.1;
						TestTargetID = 2E930B2228C0E632000803B3;
					};
				};
			};
			buildConfigurationList = 2E930B1E28C0E632000803B3 /* Build configuration list for PBXProject "SimpleCalculator" */;
			compatibilityVersion = "Xcode 13.0";
			developmentRegion = en;
			hasScannedForEncodings = 0;
			knownRegions = (
				en,
				Base,
			);
			mainGroup = 2E930B1A28C0E632000803B3;
			productRefGroup = 2E930B2428C0E632000803B3 /* Products */;
			projectDirPath = "";
			projectRoot = "";
			targets = (
				2E930B2228C0E632000803B3 /* SimpleCalculator */,
				2E930B3828C0E635000803B3 /* SimpleCalculatorTests */,
				2E930B4228C0E635000803B3 /* SimpleCalculatorUITests */,
			);
		};
/* End PBXProject section */

/* Begin PBXResourcesBuildPhase section */
		2E930B2128C0E632000803B3 /* Resources */ = {
			isa = PBXResourcesBuildPhase;
			buildActionMask = 2147483647;
			files = (
				2E930B3328C0E635000803B3 /* LaunchScreen.storyboard in Resources */,
				2E930B3028C0E635000803B3 /* Assets.xcassets in Resources */,
				2E930B2E28C0E632000803B3 /* Main.storyboard in Resources */,
			);
			runOnlyForDeploymentPostprocessing = 0;
		};
		2E930B3728C0E635000803B3 /* Resources */ = {
			isa = PBXResourcesBuildPhase;
			buildActionMask = 2147483647;
			files = (
			);
			runOnlyForDeploymentPostprocessing = 0;
		};
		2E930B4128C0E635000803B3 /* Resources */ = {
			isa = PBXResourcesBuildPhase;
			buildActionMask = 2147483647;
			files = (
			);
			runOnlyForDeploymentPostprocessing = 0;
		};
/* End PBXResourcesBuildPhase section */

/* Begin PBXSourcesBuildPhase section */
		2E930B1F28C0E632000803B3 /* Sources */ = {
			isa = PBXSourcesBuildPhase;
			buildActionMask = 2147483647;
			files = (
				2E930B2B28C0E632000803B3 /* ViewController.swift in Sources */,
				2E930B2728C0E632000803B3 /* AppDelegate.swift in Sources */,
				2E930B2928C0E632000803B3 /* SceneDelegate.swift in Sources */,
			);
			runOnlyForDeploymentPostprocessing = 0;
		};
		2E930B3528C0E635000803B3 /* Sources */ = {
			isa = PBXSourcesBuildPhase;
			buildActionMask = 2147483647;
			files = (
				2E930B3E28C0E635000803B3 /* SimpleCalculatorTests.swift in Sources */,
			);
			runOnlyForDeploymentPostprocessing = 0;
		};
		2E930B3F28C0E635000803B3 /* Sources */ = {
			isa = PBXSourcesBuildPhase;
			buildActionMask = 2147483647;
			files = (
				2E930B4A28C0E635000803B3 /* SimpleCalculatorUITestsLaunchTests.swift in Sources */,
				2E930B4828C0E635000803B3 /* SimpleCalculatorUITests.swift in Sources */,
			);
			runOnlyForDeploymentPostprocessing = 0;
		};
/* End PBXSourcesBuildPhase section */

/* Begin PBXTargetDependency section */
		2E930B3B28C0E635000803B3 /* PBXTargetDependency */ = {
			isa = PBXTargetDependency;
			target = 2E930B2228C0E632000803B3 /* SimpleCalculator */;
			targetProxy = 2E930B3A28C0E635000803B3 /* PBXContainerItemProxy */;
		};
		2E930B4528C0E635000803B3 /* PBXTargetDependency */ = {
			isa = PBXTargetDependency;
			target = 2E930B2228C0E632000803B3 /* SimpleCalculator */;
			targetProxy = 2E930B4428C0E635000803B3 /* PBXContainerItemProxy */;
		};
/* End PBXTargetDependency section */

/* Begin PBXVariantGroup section */
		2E930B2C28C0E632000803B3 /* Main.storyboard */ = {
			isa = PBXVariantGroup;
			children = (
				2E930B2D28C0E632000803B3 /* Base */,
			);
			name = Main.storyboard;
			sourceTree = "<group>";
		};
		2E930B3128C0E635000803B3 /* LaunchScreen.storyboard */ = {
			isa = PBXVariantGroup;
			children = (
				2E930B3228C0E635000803B3 /* Base */,
			);
			name = LaunchScreen.storyboard;
			sourceTree = "<group>";
		};
/* End PBXVariantGroup section */

/* Begin XCBuildConfiguration section */
		2E930B4B28C0E635000803B3 /* Debug */ = {
			isa = XCBuildConfiguration;
			buildSettings = {
				ALWAYS_SEARCH_USER_PATHS = NO;
				CLANG_ANALYZER_NONNULL = YES;
				CLANG_ANALYZER_NUMBER_OBJECT_CONVERSION = YES_AGGRESSIVE;
				CLANG_CXX_LANGUAGE_STANDARD = "gnu++17";
				CLANG_ENABLE_MODULES = YES;
				CLANG_ENABLE_OBJC_ARC = YES;
				CLANG_ENABLE_OBJC_WEAK = YES;
				CLANG_WARN_BLOCK_CAPTURE_AUTORELEASING = YES;
				CLANG_WARN_BOOL_CONVERSION = YES;
				CLANG_WARN_COMMA = YES;
				CLANG_WARN_CONSTANT_CONVERSION = YES;
				CLANG_WARN_DEPRECATED_OBJC_IMPLEMENTATIONS = YES;
				CLANG_WARN_DIRECT_OBJC_ISA_USAGE = YES_ERROR;
				CLANG_WARN_DOCUMENTATION_COMMENTS = YES;
				CLANG_WARN_EMPTY_BODY = YES;
				CLANG_WARN_ENUM_CONVERSION = YES;
				CLANG_WARN_INFINITE_RECURSION = YES;
				CLANG_WARN_INT_CONVERSION = YES;
				CLANG_WARN_NON_LITERAL_NULL_CONVERSION = YES;
				CLANG_WARN_OBJC_IMPLICIT_RETAIN_SELF = YES;
				CLANG_WARN_OBJC_LITERAL_CONVERSION = YES;
				CLANG_WARN_OBJC_ROOT_CLASS = YES_ERROR;
				CLANG_WARN_QUOTED_INCLUDE_IN_FRAMEWORK_HEADER = YES;
				CLANG_WARN_RANGE_LOOP_ANALYSIS = YES;
				CLANG_WARN_STRICT_PROTOTYPES = YES;
				CLANG_WARN_SUSPICIOUS_MOVE = YES;
				CLANG_WARN_UNGUARDED_AVAILABILITY = YES_AGGRESSIVE;
				CLANG_WARN_UNREACHABLE_CODE = YES;
				CLANG_WARN__DUPLICATE_METHOD_MATCH = YES;
				COPY_PHASE_STRIP = NO;
				DEBUG_INFORMATION_FORMAT = dwarf;
				ENABLE_STRICT_OBJC_MSGSEND = YES;
				ENABLE_TESTABILITY = YES;
				GCC_C_LANGUAGE_STANDARD = gnu11;
				GCC_DYNAMIC_NO_PIC = NO;
				GCC_NO_COMMON_BLOCKS = YES;
				GCC_OPTIMIZATION_LEVEL = 0;
				GCC_PREPROCESSOR_DEFINITIONS = (
					"DEBUG=1",
					"$(inherited)",
				);
				GCC_WARN_64_TO_32_BIT_CONVERSION = YES;
				GCC_WARN_ABOUT_RETURN_TYPE = YES_ERROR;
				GCC_WARN_UNDECLARED_SELECTOR = YES;
				GCC_WARN_UNINITIALIZED_AUTOS = YES_AGGRESSIVE;
				GCC_WARN_UNUSED_FUNCTION = YES;
				GCC_WARN_UNUSED_VARIABLE = YES;
				IPHONEOS_DEPLOYMENT_TARGET = 15.5;
				MTL_ENABLE_DEBUG_INFO = INCLUDE_SOURCE;
				MTL_FAST_MATH = YES;
				ONLY_ACTIVE_ARCH = YES;
				SDKROOT = iphoneos;
				SWIFT_ACTIVE_COMPILATION_CONDITIONS = DEBUG;
				SWIFT_OPTIMIZATION_LEVEL = "-Onone";
			};
			name = Debug;
		};
		2E930B4C28C0E635000803B3 /* Release */ = {
			isa = XCBuildConfiguration;
			buildSettings = {
				ALWAYS_SEARCH_USER_PATHS = NO;
				CLANG_ANALYZER_NONNULL = YES;
				CLANG_ANALYZER_NUMBER_OBJECT_CONVERSION = YES_AGGRESSIVE;
				CLANG_CXX_LANGUAGE_STANDARD = "gnu++17";
				CLANG_ENABLE_MODULES = YES;
				CLANG_ENABLE_OBJC_ARC = YES;
				CLANG_ENABLE_OBJC_WEAK = YES;
				CLANG_WARN_BLOCK_CAPTURE_AUTORELEASING = YES;
				CLANG_WARN_BOOL_CONVERSION = YES;
				CLANG_WARN_COMMA = YES;
				CLANG_WARN_CONSTANT_CONVERSION = YES;
				CLANG_WARN_DEPRECATED_OBJC_IMPLEMENTATIONS = YES;
				CLANG_WARN_DIRECT_OBJC_ISA_USAGE = YES_ERROR;
				CLANG_WARN_DOCUMENTATION_COMMENTS = YES;
				CLANG_WARN_EMPTY_BODY = YES;
				CLANG_WARN_ENUM_CONVERSION = YES;
				CLANG_WARN_INFINITE_RECURSION = YES;
				CLANG_WARN_INT_CONVERSION = YES;
				CLANG_WARN_NON_LITERAL_NULL_CONVERSION = YES;
				CLANG_WARN_OBJC_IMPLICIT_RETAIN_SELF = YES;
				CLANG_WARN_OBJC_LITERAL_CONVERSION = YES;
				CLANG_WARN_OBJC_ROOT_CLASS = YES_ERROR;
				CLANG_WARN_QUOTED_INCLUDE_IN_FRAMEWORK_HEADER = YES;
				CLANG_WARN_RANGE_LOOP_ANALYSIS = YES;
				CLANG_WARN_STRICT_PROTOTYPES = YES;
				CLANG_WARN_SUSPICIOUS_MOVE = YES;
				CLANG_WARN_UNGUARDED_AVAILABILITY = YES_AGGRESSIVE;
				CLANG_WARN_UNREACHABLE_CODE = YES;
				CLANG_WARN__DUPLICATE_METHOD_MATCH = YES;
				COPY_PHASE_STRIP = NO;
				DEBUG_INFORMATION_FORMAT = "dwarf-with-dsym";
				ENABLE_NS_ASSERTIONS = NO;
				ENABLE_STRICT_OBJC_MSGSEND = YES;
				GCC_C_LANGUAGE_STANDARD = gnu11;
				GCC_NO_COMMON_BLOCKS = YES;
				GCC_WARN_64_TO_32_BIT_CONVERSION = YES;
				GCC_WARN_ABOUT_RETURN_TYPE = YES_ERROR;
				GCC_WARN_UNDECLARED_SELECTOR = YES;
				GCC_WARN_UNINITIALIZED_AUTOS = YES_AGGRESSIVE;
				GCC_WARN_UNUSED_FUNCTION = YES;
				GCC_WARN_UNUSED_VARIABLE = YES;
				IPHONEOS_DEPLOYMENT_TARGET = 15.5;
				MTL_ENABLE_DEBUG_INFO = NO;
				MTL_FAST_MATH = YES;
				SDKROOT = iphoneos;
				SWIFT_COMPILATION_MODE = wholemodule;
				SWIFT_OPTIMIZATION_LEVEL = "-O";
				VALIDATE_PRODUCT = YES;
			};
			name = Release;
		};
		2E930B4E28C0E635000803B3 /* Debug */ = {
			isa = XCBuildConfiguration;
			buildSettings = {
				ASSETCATALOG_COMPILER_APPICON_NAME = AppIcon;
				ASSETCATALOG_COMPILER_GLOBAL_ACCENT_COLOR_NAME = AccentColor;
				CODE_SIGN_STYLE = Automatic;
				CURRENT_PROJECT_VERSION = 1;
				GENERATE_INFOPLIST_FILE = YES;
				INFOPLIST_FILE = SimpleCalculator/Info.plist;
				INFOPLIST_KEY_CFBundleDisplayName = SimpleCalculator;
				INFOPLIST_KEY_UIApplicationSupportsIndirectInputEvents = YES;
				INFOPLIST_KEY_UILaunchStoryboardName = LaunchScreen;
				INFOPLIST_KEY_UIMainStoryboardFile = Main;
				INFOPLIST_KEY_UISupportedInterfaceOrientations_iPad = "UIInterfaceOrientationPortrait UIInterfaceOrientationPortraitUpsideDown UIInterfaceOrientationLandscapeLeft UIInterfaceOrientationLandscapeRight";
				INFOPLIST_KEY_UISupportedInterfaceOrientations_iPhone = "UIInterfaceOrientationPortrait UIInterfaceOrientationLandscapeLeft UIInterfaceOrientationLandscapeRight";
				LD_RUNPATH_SEARCH_PATHS = (
					"$(inherited)",
					"@executable_path/Frameworks",
				);
				MARKETING_VERSION = 1.0;
				PRODUCT_BUNDLE_IDENTIFIER = nwmissouri.edu.SimpleCalculator;
				PRODUCT_NAME = "$(TARGET_NAME)";
				SWIFT_EMIT_LOC_STRINGS = YES;
				SWIFT_VERSION = 5.0;
				TARGETED_DEVICE_FAMILY = "1,2";
			};
			name = Debug;
		};
		2E930B4F28C0E635000803B3 /* Release */ = {
			isa = XCBuildConfiguration;
			buildSettings = {
				ASSETCATALOG_COMPILER_APPICON_NAME = AppIcon;
				ASSETCATALOG_COMPILER_GLOBAL_ACCENT_COLOR_NAME = AccentColor;
				CODE_SIGN_STYLE = Automatic;
				CURRENT_PROJECT_VERSION = 1;
				GENERATE_INFOPLIST_FILE = YES;
				INFOPLIST_FILE = SimpleCalculator/Info.plist;
				INFOPLIST_KEY_CFBundleDisplayName = SimpleCalculator;
				INFOPLIST_KEY_UIApplicationSupportsIndirectInputEvents = YES;
				INFOPLIST_KEY_UILaunchStoryboardName = LaunchScreen;
				INFOPLIST_KEY_UIMainStoryboardFile = Main;
				INFOPLIST_KEY_UISupportedInterfaceOrientations_iPad = "UIInterfaceOrientationPortrait UIInterfaceOrientationPortraitUpsideDown UIInterfaceOrientationLandscapeLeft UIInterfaceOrientationLandscapeRight";
				INFOPLIST_KEY_UISupportedInterfaceOrientations_iPhone = "UIInterfaceOrientationPortrait UIInterfaceOrientationLandscapeLeft UIInterfaceOrientationLandscapeRight";
				LD_RUNPATH_SEARCH_PATHS = (
					"$(inherited)",
					"@executable_path/Frameworks",
				);
				MARKETING_VERSION = 1.0;
				PRODUCT_BUNDLE_IDENTIFIER = nwmissouri.edu.SimpleCalculator;
				PRODUCT_NAME = "$(TARGET_NAME)";
				SWIFT_EMIT_LOC_STRINGS = YES;
				SWIFT_VERSION = 5.0;
				TARGETED_DEVICE_FAMILY = "1,2";
			};
			name = Release;
		};
		2E930B5128C0E635000803B3 /* Debug */ = {
			isa = XCBuildConfiguration;
			buildSettings = {
				ALWAYS_EMBED_SWIFT_STANDARD_LIBRARIES = YES;
				BUNDLE_LOADER = "$(TEST_HOST)";
				CODE_SIGN_STYLE = Automatic;
				CURRENT_PROJECT_VERSION = 1;
				GENERATE_INFOPLIST_FILE = YES;
				IPHONEOS_DEPLOYMENT_TARGET = 15.5;
				MARKETING_VERSION = 1.0;
				PRODUCT_BUNDLE_IDENTIFIER = nwmissouri.edu.SimpleCalculatorTests;
				PRODUCT_NAME = "$(TARGET_NAME)";
				SWIFT_EMIT_LOC_STRINGS = NO;
				SWIFT_VERSION = 5.0;
				TARGETED_DEVICE_FAMILY = "1,2";
				TEST_HOST = "$(BUILT_PRODUCTS_DIR)/SimpleCalculator.app/SimpleCalculator";
			};
			name = Debug;
		};
		2E930B5228C0E635000803B3 /* Release */ = {
			isa = XCBuildConfiguration;
			buildSettings = {
				ALWAYS_EMBED_SWIFT_STANDARD_LIBRARIES = YES;
				BUNDLE_LOADER = "$(TEST_HOST)";
				CODE_SIGN_STYLE = Automatic;
				CURRENT_PROJECT_VERSION = 1;
				GENERATE_INFOPLIST_FILE = YES;
				IPHONEOS_DEPLOYMENT_TARGET = 15.5;
				MARKETING_VERSION = 1.0;
				PRODUCT_BUNDLE_IDENTIFIER = nwmissouri.edu.SimpleCalculatorTests;
				PRODUCT_NAME = "$(TARGET_NAME)";
				SWIFT_EMIT_LOC_STRINGS = NO;
				SWIFT_VERSION = 5.0;
				TARGETED_DEVICE_FAMILY = "1,2";
				TEST_HOST = "$(BUILT_PRODUCTS_DIR)/SimpleCalculator.app/SimpleCalculator";
			};
			name = Release;
		};
		2E930B5428C0E635000803B3 /* Debug */ = {
			isa = XCBuildConfiguration;
			buildSettings = {
				ALWAYS_EMBED_SWIFT_STANDARD_LIBRARIES = YES;
				CODE_SIGN_STYLE = Automatic;
				CURRENT_PROJECT_VERSION = 1;
				GENERATE_INFOPLIST_FILE = YES;
				MARKETING_VERSION = 1.0;
				PRODUCT_BUNDLE_IDENTIFIER = nwmissouri.edu.SimpleCalculatorUITests;
				PRODUCT_NAME = "$(TARGET_NAME)";
				SWIFT_EMIT_LOC_STRINGS = NO;
				SWIFT_VERSION = 5.0;
				TARGETED_DEVICE_FAMILY = "1,2";
				TEST_TARGET_NAME = SimpleCalculator;
			};
			name = Debug;
		};
		2E930B5528C0E635000803B3 /* Release */ = {
			isa = XCBuildConfiguration;
			buildSettings = {
				ALWAYS_EMBED_SWIFT_STANDARD_LIBRARIES = YES;
				CODE_SIGN_STYLE = Automatic;
				CURRENT_PROJECT_VERSION = 1;
				GENERATE_INFOPLIST_FILE = YES;
				MARKETING_VERSION = 1.0;
				PRODUCT_BUNDLE_IDENTIFIER = nwmissouri.edu.SimpleCalculatorUITests;
				PRODUCT_NAME = "$(TARGET_NAME)";
				SWIFT_EMIT_LOC_STRINGS = NO;
				SWIFT_VERSION = 5.0;
				TARGETED_DEVICE_FAMILY = "1,2";
				TEST_TARGET_NAME = SimpleCalculator;
			};
			name = Release;
		};
/* End XCBuildConfiguration section */

/* Begin XCConfigurationList section */
		2E930B1E28C0E632000803B3 /* Build configuration list for PBXProject "SimpleCalculator" */ = {
			isa = XCConfigurationList;
			buildConfigurations = (
				2E930B4B28C0E635000803B3 /* Debug */,
				2E930B4C28C0E635000803B3 /* Release */,
			);
			defaultConfigurationIsVisible = 0;
			defaultConfigurationName = Release;
		};
		2E930B4D28C0E635000803B3 /* Build configuration list for PBXNativeTarget "SimpleCalculator" */ = {
			isa = XCConfigurationList;
			buildConfigurations = (
				2E930B4E28C0E635000803B3 /* Debug */,
				2E930B4F28C0E635000803B3 /* Release */,
			);
			defaultConfigurationIsVisible = 0;
			defaultConfigurationName = Release;
		};
		2E930B5028C0E635000803B3 /* Build configuration list for PBXNativeTarget "SimpleCalculatorTests" */ = {
			isa = XCConfigurationList;
			buildConfigurations = (
				2E930B5128C0E635000803B3 /* Debug */,
				2E930B5228C0E635000803B3 /* Release */,
			);
			defaultConfigurationIsVisible = 0;
			defaultConfigurationName = Release;
		};
		2E930B5328C0E635000803B3 /* Build configuration list for PBXNativeTarget "SimpleCalculatorUITests" */ = {
			isa = XCConfigurationList;
			buildConfigurations = (
				2E930B5428C0E635000803B3 /* Debug */,
				2E930B5528C0E635000803B3 /* Release */,
			);
			defaultConfigurationIsVisible = 0;
			defaultConfigurationName = Release;
		};
/* End XCConfigurationList section */
	};
	rootObject = 2E930B1B28C0E632000803B3 /* Project object */;
}
