// !$*UTF8*$!
{
	archiveVersion = 1;
	classes = {
	};
	objectVersion = 55;
	objects = {

/* Begin PBXBuildFile section */
		2E444D2428CA28DF00124C54 /* AppDelegate.swift in Sources */ = {isa = PBXBuildFile; fileRef = 2E444D2328CA28DF00124C54 /* AppDelegate.swift */; };
		2E444D2628CA28DF00124C54 /* SceneDelegate.swift in Sources */ = {isa = PBXBuildFile; fileRef = 2E444D2528CA28DF00124C54 /* SceneDelegate.swift */; };
		2E444D2828CA28DF00124C54 /* ViewController.swift in Sources */ = {isa = PBXBuildFile; fileRef = 2E444D2728CA28DF00124C54 /* ViewController.swift */; };
		2E444D2B28CA28DF00124C54 /* Main.storyboard in Resources */ = {isa = PBXBuildFile; fileRef = 2E444D2928CA28DF00124C54 /* Main.storyboard */; };
		2E444D2D28CA292A00124C54 /* Assets.xcassets in Resources */ = {isa = PBXBuildFile; fileRef = 2E444D2C28CA292A00124C54 /* Assets.xcassets */; };
		2E444D3028CA292A00124C54 /* LaunchScreen.storyboard in Resources */ = {isa = PBXBuildFile; fileRef = 2E444D2E28CA292A00124C54 /* LaunchScreen.storyboard */; };
		2E444D3B28CA292B00124C54 /* DisplayFirst4CharTests.swift in Sources */ = {isa = PBXBuildFile; fileRef = 2E444D3A28CA292B00124C54 /* DisplayFirst4CharTests.swift */; };
		2E444D4528CA292B00124C54 /* DisplayFirst4CharUITests.swift in Sources */ = {isa = PBXBuildFile; fileRef = 2E444D4428CA292B00124C54 /* DisplayFirst4CharUITests.swift */; };
		2E444D4728CA292B00124C54 /* DisplayFirst4CharUITestsLaunchTests.swift in Sources */ = {isa = PBXBuildFile; fileRef = 2E444D4628CA292B00124C54 /* DisplayFirst4CharUITestsLaunchTests.swift */; };
/* End PBXBuildFile section */

/* Begin PBXContainerItemProxy section */
		2E444D3728CA292B00124C54 /* PBXContainerItemProxy */ = {
			isa = PBXContainerItemProxy;
			containerPortal = 2E444D1828CA28DF00124C54 /* Project object */;
			proxyType = 1;
			remoteGlobalIDString = 2E444D1F28CA28DF00124C54;
			remoteInfo = DisplayFirst4Char;
		};
		2E444D4128CA292B00124C54 /* PBXContainerItemProxy */ = {
			isa = PBXContainerItemProxy;
			containerPortal = 2E444D1828CA28DF00124C54 /* Project object */;
			proxyType = 1;
			remoteGlobalIDString = 2E444D1F28CA28DF00124C54;
			remoteInfo = DisplayFirst4Char;
		};
/* End PBXContainerItemProxy section */

/* Begin PBXFileReference section */
		2E444D2028CA28DF00124C54 /* DisplayFirst4Char.app */ = {isa = PBXFileReference; explicitFileType = wrapper.application; includeInIndex = 0; path = DisplayFirst4Char.app; sourceTree = BUILT_PRODUCTS_DIR; };
		2E444D2328CA28DF00124C54 /* AppDelegate.swift */ = {isa = PBXFileReference; lastKnownFileType = sourcecode.swift; path = AppDelegate.swift; sourceTree = "<group>"; };
		2E444D2528CA28DF00124C54 /* SceneDelegate.swift */ = {isa = PBXFileReference; lastKnownFileType = sourcecode.swift; path = SceneDelegate.swift; sourceTree = "<group>"; };
		2E444D2728CA28DF00124C54 /* ViewController.swift */ = {isa = PBXFileReference; lastKnownFileType = sourcecode.swift; path = ViewController.swift; sourceTree = "<group>"; };
		2E444D2A28CA28DF00124C54 /* Base */ = {isa = PBXFileReference; lastKnownFileType = file.storyboard; name = Base; path = Base.lproj/Main.storyboard; sourceTree = "<group>"; };
		2E444D2C28CA292A00124C54 /* Assets.xcassets */ = {isa = PBXFileReference; lastKnownFileType = folder.assetcatalog; path = Assets.xcassets; sourceTree = "<group>"; };
		2E444D2F28CA292A00124C54 /* Base */ = {isa = PBXFileReference; lastKnownFileType = file.storyboard; name = Base; path = Base.lproj/LaunchScreen.storyboard; sourceTree = "<group>"; };
		2E444D3128CA292A00124C54 /* Info.plist */ = {isa = PBXFileReference; lastKnownFileType = text.plist.xml; path = Info.plist; sourceTree = "<group>"; };
		2E444D3628CA292B00124C54 /* DisplayFirst4CharTests.xctest */ = {isa = PBXFileReference; explicitFileType = wrapper.cfbundle; includeInIndex = 0; path = DisplayFirst4CharTests.xctest; sourceTree = BUILT_PRODUCTS_DIR; };
		2E444D3A28CA292B00124C54 /* DisplayFirst4CharTests.swift */ = {isa = PBXFileReference; lastKnownFileType = sourcecode.swift; path = DisplayFirst4CharTests.swift; sourceTree = "<group>"; };
		2E444D4028CA292B00124C54 /* DisplayFirst4CharUITests.xctest */ = {isa = PBXFileReference; explicitFileType = wrapper.cfbundle; includeInIndex = 0; path = DisplayFirst4CharUITests.xctest; sourceTree = BUILT_PRODUCTS_DIR; };
		2E444D4428CA292B00124C54 /* DisplayFirst4CharUITests.swift */ = {isa = PBXFileReference; lastKnownFileType = sourcecode.swift; path = DisplayFirst4CharUITests.swift; sourceTree = "<group>"; };
		2E444D4628CA292B00124C54 /* DisplayFirst4CharUITestsLaunchTests.swift */ = {isa = PBXFileReference; lastKnownFileType = sourcecode.swift; path = DisplayFirst4CharUITestsLaunchTests.swift; sourceTree = "<group>"; };
/* End PBXFileReference section */

/* Begin PBXFrameworksBuildPhase section */
		2E444D1D28CA28DF00124C54 /* Frameworks */ = {
			isa = PBXFrameworksBuildPhase;
			buildActionMask = 2147483647;
			files = (
			);
			runOnlyForDeploymentPostprocessing = 0;
		};
		2E444D3328CA292B00124C54 /* Frameworks */ = {
			isa = PBXFrameworksBuildPhase;
			buildActionMask = 2147483647;
			files = (
			);
			runOnlyForDeploymentPostprocessing = 0;
		};
		2E444D3D28CA292B00124C54 /* Frameworks */ = {
			isa = PBXFrameworksBuildPhase;
			buildActionMask = 2147483647;
			files = (
			);
			runOnlyForDeploymentPostprocessing = 0;
		};
/* End PBXFrameworksBuildPhase section */

/* Begin PBXGroup section */
		2E444D1728CA28DF00124C54 = {
			isa = PBXGroup;
			children = (
				2E444D2228CA28DF00124C54 /* DisplayFirst4Char */,
				2E444D3928CA292B00124C54 /* DisplayFirst4CharTests */,
				2E444D4328CA292B00124C54 /* DisplayFirst4CharUITests */,
				2E444D2128CA28DF00124C54 /* Products */,
			);
			sourceTree = "<group>";
		};
		2E444D2128CA28DF00124C54 /* Products */ = {
			isa = PBXGroup;
			children = (
				2E444D2028CA28DF00124C54 /* DisplayFirst4Char.app */,
				2E444D3628CA292B00124C54 /* DisplayFirst4CharTests.xctest */,
				2E444D4028CA292B00124C54 /* DisplayFirst4CharUITests.xctest */,
			);
			name = Products;
			sourceTree = "<group>";
		};
		2E444D2228CA28DF00124C54 /* DisplayFirst4Char */ = {
			isa = PBXGroup;
			children = (
				2E444D2328CA28DF00124C54 /* AppDelegate.swift */,
				2E444D2528CA28DF00124C54 /* SceneDelegate.swift */,
				2E444D2728CA28DF00124C54 /* ViewController.swift */,
				2E444D2928CA28DF00124C54 /* Main.storyboard */,
				2E444D2C28CA292A00124C54 /* Assets.xcassets */,
				2E444D2E28CA292A00124C54 /* LaunchScreen.storyboard */,
				2E444D3128CA292A00124C54 /* Info.plist */,
			);
			path = DisplayFirst4Char;
			sourceTree = "<group>";
		};
		2E444D3928CA292B00124C54 /* DisplayFirst4CharTests */ = {
			isa = PBXGroup;
			children = (
				2E444D3A28CA292B00124C54 /* DisplayFirst4CharTests.swift */,
			);
			path = DisplayFirst4CharTests;
			sourceTree = "<group>";
		};
		2E444D4328CA292B00124C54 /* DisplayFirst4CharUITests */ = {
			isa = PBXGroup;
			children = (
				2E444D4428CA292B00124C54 /* DisplayFirst4CharUITests.swift */,
				2E444D4628CA292B00124C54 /* DisplayFirst4CharUITestsLaunchTests.swift */,
			);
			path = DisplayFirst4CharUITests;
			sourceTree = "<group>";
		};
/* End PBXGroup section */

/* Begin PBXNativeTarget section */
		2E444D1F28CA28DF00124C54 /* DisplayFirst4Char */ = {
			isa = PBXNativeTarget;
			buildConfigurationList = 2E444D4A28CA292B00124C54 /* Build configuration list for PBXNativeTarget "DisplayFirst4Char" */;
			buildPhases = (
				2E444D1C28CA28DF00124C54 /* Sources */,
				2E444D1D28CA28DF00124C54 /* Frameworks */,
				2E444D1E28CA28DF00124C54 /* Resources */,
			);
			buildRules = (
			);
			dependencies = (
			);
			name = DisplayFirst4Char;
			productName = DisplayFirst4Char;
			productReference = 2E444D2028CA28DF00124C54 /* DisplayFirst4Char.app */;
			productType = "com.apple.product-type.application";
		};
		2E444D3528CA292B00124C54 /* DisplayFirst4CharTests */ = {
			isa = PBXNativeTarget;
			buildConfigurationList = 2E444D4D28CA292B00124C54 /* Build configuration list for PBXNativeTarget "DisplayFirst4CharTests" */;
			buildPhases = (
				2E444D3228CA292B00124C54 /* Sources */,
				2E444D3328CA292B00124C54 /* Frameworks */,
				2E444D3428CA292B00124C54 /* Resources */,
			);
			buildRules = (
			);
			dependencies = (
				2E444D3828CA292B00124C54 /* PBXTargetDependency */,
			);
			name = DisplayFirst4CharTests;
			productName = DisplayFirst4CharTests;
			productReference = 2E444D3628CA292B00124C54 /* DisplayFirst4CharTests.xctest */;
			productType = "com.apple.product-type.bundle.unit-test";
		};
		2E444D3F28CA292B00124C54 /* DisplayFirst4CharUITests */ = {
			isa = PBXNativeTarget;
			buildConfigurationList = 2E444D5028CA292B00124C54 /* Build configuration list for PBXNativeTarget "DisplayFirst4CharUITests" */;
			buildPhases = (
				2E444D3C28CA292B00124C54 /* Sources */,
				2E444D3D28CA292B00124C54 /* Frameworks */,
				2E444D3E28CA292B00124C54 /* Resources */,
			);
			buildRules = (
			);
			dependencies = (
				2E444D4228CA292B00124C54 /* PBXTargetDependency */,
			);
			name = DisplayFirst4CharUITests;
			productName = DisplayFirst4CharUITests;
			productReference = 2E444D4028CA292B00124C54 /* DisplayFirst4CharUITests.xctest */;
			productType = "com.apple.product-type.bundle.ui-testing";
		};
/* End PBXNativeTarget section */

/* Begin PBXProject section */
		2E444D1828CA28DF00124C54 /* Project object */ = {
			isa = PBXProject;
			attributes = {
				BuildIndependentTargetsInParallel = 1;
				LastSwiftUpdateCheck = 1340;
				LastUpgradeCheck = 1340;
				TargetAttributes = {
					2E444D1F28CA28DF00124C54 = {
						CreatedOnToolsVersion = 13.4.1;
					};
					2E444D3528CA292B00124C54 = {
						CreatedOnToolsVersion = 13.4.1;
						TestTargetID = 2E444D1F28CA28DF00124C54;
					};
					2E444D3F28CA292B00124C54 = {
						CreatedOnToolsVersion = 13.4.1;
						TestTargetID = 2E444D1F28CA28DF00124C54;
					};
				};
			};
			buildConfigurationList = 2E444D1B28CA28DF00124C54 /* Build configuration list for PBXProject "DisplayFirst4Char" */;
			compatibilityVersion = "Xcode 13.0";
			developmentRegion = en;
			hasScannedForEncodings = 0;
			knownRegions = (
				en,
				Base,
			);
			mainGroup = 2E444D1728CA28DF00124C54;
			productRefGroup = 2E444D2128CA28DF00124C54 /* Products */;
			projectDirPath = "";
			projectRoot = "";
			targets = (
				2E444D1F28CA28DF00124C54 /* DisplayFirst4Char */,
				2E444D3528CA292B00124C54 /* DisplayFirst4CharTests */,
				2E444D3F28CA292B00124C54 /* DisplayFirst4CharUITests */,
			);
		};
/* End PBXProject section */

/* Begin PBXResourcesBuildPhase section */
		2E444D1E28CA28DF00124C54 /* Resources */ = {
			isa = PBXResourcesBuildPhase;
			buildActionMask = 2147483647;
			files = (
				2E444D3028CA292A00124C54 /* LaunchScreen.storyboard in Resources */,
				2E444D2D28CA292A00124C54 /* Assets.xcassets in Resources */,
				2E444D2B28CA28DF00124C54 /* Main.storyboard in Resources */,
			);
			runOnlyForDeploymentPostprocessing = 0;
		};
		2E444D3428CA292B00124C54 /* Resources */ = {
			isa = PBXResourcesBuildPhase;
			buildActionMask = 2147483647;
			files = (
			);
			runOnlyForDeploymentPostprocessing = 0;
		};
		2E444D3E28CA292B00124C54 /* Resources */ = {
			isa = PBXResourcesBuildPhase;
			buildActionMask = 2147483647;
			files = (
			);
			runOnlyForDeploymentPostprocessing = 0;
		};
/* End PBXResourcesBuildPhase section */

/* Begin PBXSourcesBuildPhase section */
		2E444D1C28CA28DF00124C54 /* Sources */ = {
			isa = PBXSourcesBuildPhase;
			buildActionMask = 2147483647;
			files = (
				2E444D2828CA28DF00124C54 /* ViewController.swift in Sources */,
				2E444D2428CA28DF00124C54 /* AppDelegate.swift in Sources */,
				2E444D2628CA28DF00124C54 /* SceneDelegate.swift in Sources */,
			);
			runOnlyForDeploymentPostprocessing = 0;
		};
		2E444D3228CA292B00124C54 /* Sources */ = {
			isa = PBXSourcesBuildPhase;
			buildActionMask = 2147483647;
			files = (
				2E444D3B28CA292B00124C54 /* DisplayFirst4CharTests.swift in Sources */,
			);
			runOnlyForDeploymentPostprocessing = 0;
		};
		2E444D3C28CA292B00124C54 /* Sources */ = {
			isa = PBXSourcesBuildPhase;
			buildActionMask = 2147483647;
			files = (
				2E444D4528CA292B00124C54 /* DisplayFirst4CharUITests.swift in Sources */,
				2E444D4728CA292B00124C54 /* DisplayFirst4CharUITestsLaunchTests.swift in Sources */,
			);
			runOnlyForDeploymentPostprocessing = 0;
		};
/* End PBXSourcesBuildPhase section */

/* Begin PBXTargetDependency section */
		2E444D3828CA292B00124C54 /* PBXTargetDependency */ = {
			isa = PBXTargetDependency;
			target = 2E444D1F28CA28DF00124C54 /* DisplayFirst4Char */;
			targetProxy = 2E444D3728CA292B00124C54 /* PBXContainerItemProxy */;
		};
		2E444D4228CA292B00124C54 /* PBXTargetDependency */ = {
			isa = PBXTargetDependency;
			target = 2E444D1F28CA28DF00124C54 /* DisplayFirst4Char */;
			targetProxy = 2E444D4128CA292B00124C54 /* PBXContainerItemProxy */;
		};
/* End PBXTargetDependency section */

/* Begin PBXVariantGroup section */
		2E444D2928CA28DF00124C54 /* Main.storyboard */ = {
			isa = PBXVariantGroup;
			children = (
				2E444D2A28CA28DF00124C54 /* Base */,
			);
			name = Main.storyboard;
			sourceTree = "<group>";
		};
		2E444D2E28CA292A00124C54 /* LaunchScreen.storyboard */ = {
			isa = PBXVariantGroup;
			children = (
				2E444D2F28CA292A00124C54 /* Base */,
			);
			name = LaunchScreen.storyboard;
			sourceTree = "<group>";
		};
/* End PBXVariantGroup section */

/* Begin XCBuildConfiguration section */
		2E444D4828CA292B00124C54 /* Debug */ = {
			isa = XCBuildConfiguration;
			buildSettings = {
				ALWAYS_SEARCH_USER_PATHS = NO;
				CLANG_ANALYZER_NONNULL = YES;
				CLANG_ANALYZER_NUMBER_OBJECT_CONVERSION = YES_AGGRESSIVE;
				CLANG_CXX_LANGUAGE_STANDARD = "gnu++17";
				CLANG_ENABLE_MODULES = YES;
				CLANG_ENABLE_OBJC_ARC = YES;
				CLANG_ENABLE_OBJC_WEAK = YES;
				CLANG_WARN_BLOCK_CAPTURE_AUTORELEASING = YES;
				CLANG_WARN_BOOL_CONVERSION = YES;
				CLANG_WARN_COMMA = YES;
				CLANG_WARN_CONSTANT_CONVERSION = YES;
				CLANG_WARN_DEPRECATED_OBJC_IMPLEMENTATIONS = YES;
				CLANG_WARN_DIRECT_OBJC_ISA_USAGE = YES_ERROR;
				CLANG_WARN_DOCUMENTATION_COMMENTS = YES;
				CLANG_WARN_EMPTY_BODY = YES;
				CLANG_WARN_ENUM_CONVERSION = YES;
				CLANG_WARN_INFINITE_RECURSION = YES;
				CLANG_WARN_INT_CONVERSION = YES;
				CLANG_WARN_NON_LITERAL_NULL_CONVERSION = YES;
				CLANG_WARN_OBJC_IMPLICIT_RETAIN_SELF = YES;
				CLANG_WARN_OBJC_LITERAL_CONVERSION = YES;
				CLANG_WARN_OBJC_ROOT_CLASS = YES_ERROR;
				CLANG_WARN_QUOTED_INCLUDE_IN_FRAMEWORK_HEADER = YES;
				CLANG_WARN_RANGE_LOOP_ANALYSIS = YES;
				CLANG_WARN_STRICT_PROTOTYPES = YES;
				CLANG_WARN_SUSPICIOUS_MOVE = YES;
				CLANG_WARN_UNGUARDED_AVAILABILITY = YES_AGGRESSIVE;
				CLANG_WARN_UNREACHABLE_CODE = YES;
				CLANG_WARN__DUPLICATE_METHOD_MATCH = YES;
				COPY_PHASE_STRIP = NO;
				DEBUG_INFORMATION_FORMAT = dwarf;
				ENABLE_STRICT_OBJC_MSGSEND = YES;
				ENABLE_TESTABILITY = YES;
				GCC_C_LANGUAGE_STANDARD = gnu11;
				GCC_DYNAMIC_NO_PIC = NO;
				GCC_NO_COMMON_BLOCKS = YES;
				GCC_OPTIMIZATION_LEVEL = 0;
				GCC_PREPROCESSOR_DEFINITIONS = (
					"DEBUG=1",
					"$(inherited)",
				);
				GCC_WARN_64_TO_32_BIT_CONVERSION = YES;
				GCC_WARN_ABOUT_RETURN_TYPE = YES_ERROR;
				GCC_WARN_UNDECLARED_SELECTOR = YES;
				GCC_WARN_UNINITIALIZED_AUTOS = YES_AGGRESSIVE;
				GCC_WARN_UNUSED_FUNCTION = YES;
				GCC_WARN_UNUSED_VARIABLE = YES;
				IPHONEOS_DEPLOYMENT_TARGET = 15.5;
				MTL_ENABLE_DEBUG_INFO = INCLUDE_SOURCE;
				MTL_FAST_MATH = YES;
				ONLY_ACTIVE_ARCH = YES;
				SDKROOT = iphoneos;
				SWIFT_ACTIVE_COMPILATION_CONDITIONS = DEBUG;
				SWIFT_OPTIMIZATION_LEVEL = "-Onone";
			};
			name = Debug;
		};
		2E444D4928CA292B00124C54 /* Release */ = {
			isa = XCBuildConfiguration;
			buildSettings = {
				ALWAYS_SEARCH_USER_PATHS = NO;
				CLANG_ANALYZER_NONNULL = YES;
				CLANG_ANALYZER_NUMBER_OBJECT_CONVERSION = YES_AGGRESSIVE;
				CLANG_CXX_LANGUAGE_STANDARD = "gnu++17";
				CLANG_ENABLE_MODULES = YES;
				CLANG_ENABLE_OBJC_ARC = YES;
				CLANG_ENABLE_OBJC_WEAK = YES;
				CLANG_WARN_BLOCK_CAPTURE_AUTORELEASING = YES;
				CLANG_WARN_BOOL_CONVERSION = YES;
				CLANG_WARN_COMMA = YES;
				CLANG_WARN_CONSTANT_CONVERSION = YES;
				CLANG_WARN_DEPRECATED_OBJC_IMPLEMENTATIONS = YES;
				CLANG_WARN_DIRECT_OBJC_ISA_USAGE = YES_ERROR;
				CLANG_WARN_DOCUMENTATION_COMMENTS = YES;
				CLANG_WARN_EMPTY_BODY = YES;
				CLANG_WARN_ENUM_CONVERSION = YES;
				CLANG_WARN_INFINITE_RECURSION = YES;
				CLANG_WARN_INT_CONVERSION = YES;
				CLANG_WARN_NON_LITERAL_NULL_CONVERSION = YES;
				CLANG_WARN_OBJC_IMPLICIT_RETAIN_SELF = YES;
				CLANG_WARN_OBJC_LITERAL_CONVERSION = YES;
				CLANG_WARN_OBJC_ROOT_CLASS = YES_ERROR;
				CLANG_WARN_QUOTED_INCLUDE_IN_FRAMEWORK_HEADER = YES;
				CLANG_WARN_RANGE_LOOP_ANALYSIS = YES;
				CLANG_WARN_STRICT_PROTOTYPES = YES;
				CLANG_WARN_SUSPICIOUS_MOVE = YES;
				CLANG_WARN_UNGUARDED_AVAILABILITY = YES_AGGRESSIVE;
				CLANG_WARN_UNREACHABLE_CODE = YES;
				CLANG_WARN__DUPLICATE_METHOD_MATCH = YES;
				COPY_PHASE_STRIP = NO;
				DEBUG_INFORMATION_FORMAT = "dwarf-with-dsym";
				ENABLE_NS_ASSERTIONS = NO;
				ENABLE_STRICT_OBJC_MSGSEND = YES;
				GCC_C_LANGUAGE_STANDARD = gnu11;
				GCC_NO_COMMON_BLOCKS = YES;
				GCC_WARN_64_TO_32_BIT_CONVERSION = YES;
				GCC_WARN_ABOUT_RETURN_TYPE = YES_ERROR;
				GCC_WARN_UNDECLARED_SELECTOR = YES;
				GCC_WARN_UNINITIALIZED_AUTOS = YES_AGGRESSIVE;
				GCC_WARN_UNUSED_FUNCTION = YES;
				GCC_WARN_UNUSED_VARIABLE = YES;
				IPHONEOS_DEPLOYMENT_TARGET = 15.5;
				MTL_ENABLE_DEBUG_INFO = NO;
				MTL_FAST_MATH = YES;
				SDKROOT = iphoneos;
				SWIFT_COMPILATION_MODE = wholemodule;
				SWIFT_OPTIMIZATION_LEVEL = "-O";
				VALIDATE_PRODUCT = YES;
			};
			name = Release;
		};
		2E444D4B28CA292B00124C54 /* Debug */ = {
			isa = XCBuildConfiguration;
			buildSettings = {
				ASSETCATALOG_COMPILER_APPICON_NAME = AppIcon;
				ASSETCATALOG_COMPILER_GLOBAL_ACCENT_COLOR_NAME = AccentColor;
				CODE_SIGN_STYLE = Automatic;
				CURRENT_PROJECT_VERSION = 1;
				GENERATE_INFOPLIST_FILE = YES;
				INFOPLIST_FILE = DisplayFirst4Char/Info.plist;
				INFOPLIST_KEY_CFBundleDisplayName = DisplayFirst4Char;
				INFOPLIST_KEY_UIApplicationSupportsIndirectInputEvents = YES;
				INFOPLIST_KEY_UILaunchStoryboardName = LaunchScreen;
				INFOPLIST_KEY_UIMainStoryboardFile = Main;
				INFOPLIST_KEY_UISupportedInterfaceOrientations_iPad = "UIInterfaceOrientationPortrait UIInterfaceOrientationPortraitUpsideDown UIInterfaceOrientationLandscapeLeft UIInterfaceOrientationLandscapeRight";
				INFOPLIST_KEY_UISupportedInterfaceOrientations_iPhone = "UIInterfaceOrientationPortrait UIInterfaceOrientationLandscapeLeft UIInterfaceOrientationLandscapeRight";
				LD_RUNPATH_SEARCH_PATHS = (
					"$(inherited)",
					"@executable_path/Frameworks",
				);
				MARKETING_VERSION = 1.0;
				PRODUCT_BUNDLE_IDENTIFIER = nwmissouri.edu.DisplayFirst4Char;
				PRODUCT_NAME = "$(TARGET_NAME)";
				SWIFT_EMIT_LOC_STRINGS = YES;
				SWIFT_VERSION = 5.0;
				TARGETED_DEVICE_FAMILY = "1,2";
			};
			name = Debug;
		};
		2E444D4C28CA292B00124C54 /* Release */ = {
			isa = XCBuildConfiguration;
			buildSettings = {
				ASSETCATALOG_COMPILER_APPICON_NAME = AppIcon;
				ASSETCATALOG_COMPILER_GLOBAL_ACCENT_COLOR_NAME = AccentColor;
				CODE_SIGN_STYLE = Automatic;
				CURRENT_PROJECT_VERSION = 1;
				GENERATE_INFOPLIST_FILE = YES;
				INFOPLIST_FILE = DisplayFirst4Char/Info.plist;
				INFOPLIST_KEY_CFBundleDisplayName = DisplayFirst4Char;
				INFOPLIST_KEY_UIApplicationSupportsIndirectInputEvents = YES;
				INFOPLIST_KEY_UILaunchStoryboardName = LaunchScreen;
				INFOPLIST_KEY_UIMainStoryboardFile = Main;
				INFOPLIST_KEY_UISupportedInterfaceOrientations_iPad = "UIInterfaceOrientationPortrait UIInterfaceOrientationPortraitUpsideDown UIInterfaceOrientationLandscapeLeft UIInterfaceOrientationLandscapeRight";
				INFOPLIST_KEY_UISupportedInterfaceOrientations_iPhone = "UIInterfaceOrientationPortrait UIInterfaceOrientationLandscapeLeft UIInterfaceOrientationLandscapeRight";
				LD_RUNPATH_SEARCH_PATHS = (
					"$(inherited)",
					"@executable_path/Frameworks",
				);
				MARKETING_VERSION = 1.0;
				PRODUCT_BUNDLE_IDENTIFIER = nwmissouri.edu.DisplayFirst4Char;
				PRODUCT_NAME = "$(TARGET_NAME)";
				SWIFT_EMIT_LOC_STRINGS = YES;
				SWIFT_VERSION = 5.0;
				TARGETED_DEVICE_FAMILY = "1,2";
			};
			name = Release;
		};
		2E444D4E28CA292B00124C54 /* Debug */ = {
			isa = XCBuildConfiguration;
			buildSettings = {
				ALWAYS_EMBED_SWIFT_STANDARD_LIBRARIES = YES;
				BUNDLE_LOADER = "$(TEST_HOST)";
				CODE_SIGN_STYLE = Automatic;
				CURRENT_PROJECT_VERSION = 1;
				GENERATE_INFOPLIST_FILE = YES;
				IPHONEOS_DEPLOYMENT_TARGET = 15.5;
				MARKETING_VERSION = 1.0;
				PRODUCT_BUNDLE_IDENTIFIER = nwmissouri.edu.DisplayFirst4CharTests;
				PRODUCT_NAME = "$(TARGET_NAME)";
				SWIFT_EMIT_LOC_STRINGS = NO;
				SWIFT_VERSION = 5.0;
				TARGETED_DEVICE_FAMILY = "1,2";
				TEST_HOST = "$(BUILT_PRODUCTS_DIR)/DisplayFirst4Char.app/DisplayFirst4Char";
			};
			name = Debug;
		};
		2E444D4F28CA292B00124C54 /* Release */ = {
			isa = XCBuildConfiguration;
			buildSettings = {
				ALWAYS_EMBED_SWIFT_STANDARD_LIBRARIES = YES;
				BUNDLE_LOADER = "$(TEST_HOST)";
				CODE_SIGN_STYLE = Automatic;
				CURRENT_PROJECT_VERSION = 1;
				GENERATE_INFOPLIST_FILE = YES;
				IPHONEOS_DEPLOYMENT_TARGET = 15.5;
				MARKETING_VERSION = 1.0;
				PRODUCT_BUNDLE_IDENTIFIER = nwmissouri.edu.DisplayFirst4CharTests;
				PRODUCT_NAME = "$(TARGET_NAME)";
				SWIFT_EMIT_LOC_STRINGS = NO;
				SWIFT_VERSION = 5.0;
				TARGETED_DEVICE_FAMILY = "1,2";
				TEST_HOST = "$(BUILT_PRODUCTS_DIR)/DisplayFirst4Char.app/DisplayFirst4Char";
			};
			name = Release;
		};
		2E444D5128CA292B00124C54 /* Debug */ = {
			isa = XCBuildConfiguration;
			buildSettings = {
				ALWAYS_EMBED_SWIFT_STANDARD_LIBRARIES = YES;
				CODE_SIGN_STYLE = Automatic;
				CURRENT_PROJECT_VERSION = 1;
				GENERATE_INFOPLIST_FILE = YES;
				MARKETING_VERSION = 1.0;
				PRODUCT_BUNDLE_IDENTIFIER = nwmissouri.edu.DisplayFirst4CharUITests;
				PRODUCT_NAME = "$(TARGET_NAME)";
				SWIFT_EMIT_LOC_STRINGS = NO;
				SWIFT_VERSION = 5.0;
				TARGETED_DEVICE_FAMILY = "1,2";
				TEST_TARGET_NAME = DisplayFirst4Char;
			};
			name = Debug;
		};
		2E444D5228CA292B00124C54 /* Release */ = {
			isa = XCBuildConfiguration;
			buildSettings = {
				ALWAYS_EMBED_SWIFT_STANDARD_LIBRARIES = YES;
				CODE_SIGN_STYLE = Automatic;
				CURRENT_PROJECT_VERSION = 1;
				GENERATE_INFOPLIST_FILE = YES;
				MARKETING_VERSION = 1.0;
				PRODUCT_BUNDLE_IDENTIFIER = nwmissouri.edu.DisplayFirst4CharUITests;
				PRODUCT_NAME = "$(TARGET_NAME)";
				SWIFT_EMIT_LOC_STRINGS = NO;
				SWIFT_VERSION = 5.0;
				TARGETED_DEVICE_FAMILY = "1,2";
				TEST_TARGET_NAME = DisplayFirst4Char;
			};
			name = Release;
		};
/* End XCBuildConfiguration section */

/* Begin XCConfigurationList section */
		2E444D1B28CA28DF00124C54 /* Build configuration list for PBXProject "DisplayFirst4Char" */ = {
			isa = XCConfigurationList;
			buildConfigurations = (
				2E444D4828CA292B00124C54 /* Debug */,
				2E444D4928CA292B00124C54 /* Release */,
			);
			defaultConfigurationIsVisible = 0;
			defaultConfigurationName = Release;
		};
		2E444D4A28CA292B00124C54 /* Build configuration list for PBXNativeTarget "DisplayFirst4Char" */ = {
			isa = XCConfigurationList;
			buildConfigurations = (
				2E444D4B28CA292B00124C54 /* Debug */,
				2E444D4C28CA292B00124C54 /* Release */,
			);
			defaultConfigurationIsVisible = 0;
			defaultConfigurationName = Release;
		};
		2E444D4D28CA292B00124C54 /* Build configuration list for PBXNativeTarget "DisplayFirst4CharTests" */ = {
			isa = XCConfigurationList;
			buildConfigurations = (
				2E444D4E28CA292B00124C54 /* Debug */,
				2E444D4F28CA292B00124C54 /* Release */,
			);
			defaultConfigurationIsVisible = 0;
			defaultConfigurationName = Release;
		};
		2E444D5028CA292B00124C54 /* Build configuration list for PBXNativeTarget "DisplayFirst4CharUITests" */ = {
			isa = XCConfigurationList;
			buildConfigurations = (
				2E444D5128CA292B00124C54 /* Debug */,
				2E444D5228CA292B00124C54 /* Release */,
			);
			defaultConfigurationIsVisible = 0;
			defaultConfigurationName = Release;
		};
/* End XCConfigurationList section */
	};
	rootObject = 2E444D1828CA28DF00124C54 /* Project object */;
}
